
Microsoft Visual Studio Solution File, Format Version 12.00
# Visual Studio Version 16
VisualStudioVersion = 16.0.32228.343
MinimumVisualStudioVersion = 10.0.40219.1
Project("{FAE04EC0-301F-11D3-BF4B-00C04F79EFBC}") = "umacro", "umacro.csproj", "{536EADA7-A793-46DF-B732-08238D31C091}"
EndProject
Global
	GlobalSection(SolutionConfigurationPlatforms) = preSolution
		Debug|Any CPU = Debug|Any CPU
		Release|Any CPU = Release|Any CPU
	EndGlobalSection
	GlobalSection(ProjectConfigurationPlatforms) = postSolution
		{536EADA7-A793-46DF-B732-08238D31C091}.Debug|Any CPU.ActiveCfg = Debug|Any CPU
		{536EADA7-A793-46DF-B732-08238D31C091}.Debug|Any CPU.Build.0 = Debug|Any CPU
		{536EADA7-A793-46DF-B732-08238D31C091}.Release|Any CPU.ActiveCfg = Release|Any CPU
		{536EADA7-A793-46DF-B732-08238D31C091}.Release|Any CPU.Build.0 = Release|Any CPU
	EndGlobalSection
	GlobalSection(SolutionProperties) = preSolution
		HideSolutionNode = FALSE
	EndGlobalSection
	GlobalSection(ExtensibilityGlobals) = postSolution
		SolutionGuid = {5C742EC4-E0D0-473B-B5EC-96B2EC21CD22}
	EndGlobalSection
EndGlobal
